
Microsoft Visual Studio Solution File, Format Version 12.00
# Visual Studio Version 17
VisualStudioVersion = 17.9.34714.143
MinimumVisualStudioVersion = 10.0.40219.1
Project("{FAE04EC0-301F-11D3-BF4B-00C04F79EFBC}") = "Dynamic_Stack", "Dynamic_Stack\Dynamic_Stack.csproj", "{612C94D3-C776-48AD-9B3B-052816202A38}"
EndProject
Global
	GlobalSection(SolutionConfigurationPlatforms) = preSolution
		Debug|Any CPU = Debug|Any CPU
		Release|Any CPU = Release|Any CPU
	EndGlobalSection
	GlobalSection(ProjectConfigurationPlatforms) = postSolution
		{612C94D3-C776-48AD-9B3B-052816202A38}.Debug|Any CPU.ActiveCfg = Debug|Any CPU
		{612C94D3-C776-48AD-9B3B-052816202A38}.Debug|Any CPU.Build.0 = Debug|Any CPU
		{612C94D3-C776-48AD-9B3B-052816202A38}.Release|Any CPU.ActiveCfg = Release|Any CPU
		{612C94D3-C776-48AD-9B3B-052816202A38}.Release|Any CPU.Build.0 = Release|Any CPU
	EndGlobalSection
	GlobalSection(SolutionProperties) = preSolution
		HideSolutionNode = FALSE
	EndGlobalSection
	GlobalSection(ExtensibilityGlobals) = postSolution
		SolutionGuid = {784388FE-8B2D-4BC6-ACEA-1334C48BD4D8}
	EndGlobalSection
EndGlobal
